
Microsoft Visual Studio Solution File, Format Version 12.00
# Visual Studio Version 16
VisualStudioVersion = 16.0.29215.179
MinimumVisualStudioVersion = 10.0.40219.1
Project("{FAE04EC0-301F-11D3-BF4B-00C04F79EFBC}") = "MBM.WebAPI", "MBM.WebAPI\MBM.WebAPI.csproj", "{FA8AB057-85D0-4A70-A6AF-CEC7E30786C9}"
EndProject
Global
	GlobalSection(SolutionConfigurationPlatforms) = preSolution
		Debug|Any CPU = Debug|Any CPU
		Release|Any CPU = Release|Any CPU
	EndGlobalSection
	GlobalSection(ProjectConfigurationPlatforms) = postSolution
		{FA8AB057-85D0-4A70-A6AF-CEC7E30786C9}.Debug|Any CPU.ActiveCfg = Debug|Any CPU
		{FA8AB057-85D0-4A70-A6AF-CEC7E30786C9}.Debug|Any CPU.Build.0 = Debug|Any CPU
		{FA8AB057-85D0-4A70-A6AF-CEC7E30786C9}.Release|Any CPU.ActiveCfg = Release|Any CPU
		{FA8AB057-85D0-4A70-A6AF-CEC7E30786C9}.Release|Any CPU.Build.0 = Release|Any CPU
	EndGlobalSection
	GlobalSection(SolutionProperties) = preSolution
		HideSolutionNode = FALSE
	EndGlobalSection
	GlobalSection(ExtensibilityGlobals) = postSolution
		SolutionGuid = {C6612403-B59D-4644-9F4F-DA23667EFF1C}
	EndGlobalSection
EndGlobal
